
Microsoft Visual Studio Solution File, Format Version 12.00
# Visual Studio Version 17
VisualStudioVersion = 17.0.31903.59
MinimumVisualStudioVersion = 10.0.40219.1
Project("{2150E333-8FDC-42A3-9474-1A3956D46DE8}") = "src", "src", "{02EA681E-C7D8-13C7-8484-4AC65E1B71E8}"
EndProject
Project("{2150E333-8FDC-42A3-9474-1A3956D46DE8}") = "example", "example", "{0B678724-C579-40D7-8EB8-2A85C29D0E81}"
EndProject
Project("{FAE04EC0-301F-11D3-BF4B-00C04F79EFBC}") = "ConsoleApp", "example\ConsoleApp\ConsoleApp.csproj", "{ACC7BA2D-8298-4A40-A640-AFCD3F2B04DE}"
EndProject
Project("{FAE04EC0-301F-11D3-BF4B-00C04F79EFBC}") = "ConfigurationReader", "src\ConfigurationReader\ConfigurationReader.csproj", "{12F690EF-E74E-3EBD-233E-4334C0D6B5CB}"
EndProject
Project("{FAE04EC0-301F-11D3-BF4B-00C04F79EFBC}") = "ConfigurationReader.API", "src\ConfigurationReader.API\ConfigurationReader.API.csproj", "{4F9B44A9-B22E-DB60-B0AA-BCCF768E10A5}"
EndProject
Project("{FAE04EC0-301F-11D3-BF4B-00C04F79EFBC}") = "ConfigurationReader.Application", "src\ConfigurationReader.Application\ConfigurationReader.Application.csproj", "{4B1CE0E4-DEE3-62F8-1A39-8317F0D9D819}"
EndProject
Project("{FAE04EC0-301F-11D3-BF4B-00C04F79EFBC}") = "ConfigurationReader.Common", "src\ConfigurationReader.Common\ConfigurationReader.Common.csproj", "{1DA6E0AA-3FEC-4BD9-267F-63FD4B587FCD}"
EndProject
Project("{FAE04EC0-301F-11D3-BF4B-00C04F79EFBC}") = "ConfigurationReader.Data", "src\ConfigurationReader.Data\ConfigurationReader.Data.csproj", "{562710A6-C423-06BD-A3C7-79A9E1AF5170}"
EndProject
Project("{2150E333-8FDC-42A3-9474-1A3956D46DE8}") = "test", "test", "{A8DA5DC3-F820-4B18-BDF0-FF8B19D202B4}"
EndProject
Project("{FAE04EC0-301F-11D3-BF4B-00C04F79EFBC}") = "ConfigurationReader.Tests", "test\ConfigurationReader.Tests\ConfigurationReader.Tests.csproj", "{9CF23EE4-11B0-22D4-56D2-8A6FC08B4EDB}"
EndProject
Project("{2150E333-8FDC-42A3-9474-1A3956D46DE8}") = "SolutionItems", "SolutionItems", "{270D36A1-E3D8-43B7-BDA3-95BD82E4BF11}"
	ProjectSection(SolutionItems) = preProject
		README.md = README.md
	EndProjectSection
EndProject
Global
	GlobalSection(SolutionConfigurationPlatforms) = preSolution
		Debug|Any CPU = Debug|Any CPU
		Release|Any CPU = Release|Any CPU
	EndGlobalSection
	GlobalSection(ProjectConfigurationPlatforms) = postSolution
		{ACC7BA2D-8298-4A40-A640-AFCD3F2B04DE}.Debug|Any CPU.ActiveCfg = Debug|Any CPU
		{ACC7BA2D-8298-4A40-A640-AFCD3F2B04DE}.Debug|Any CPU.Build.0 = Debug|Any CPU
		{ACC7BA2D-8298-4A40-A640-AFCD3F2B04DE}.Release|Any CPU.ActiveCfg = Release|Any CPU
		{ACC7BA2D-8298-4A40-A640-AFCD3F2B04DE}.Release|Any CPU.Build.0 = Release|Any CPU
		{12F690EF-E74E-3EBD-233E-4334C0D6B5CB}.Debug|Any CPU.ActiveCfg = Debug|Any CPU
		{12F690EF-E74E-3EBD-233E-4334C0D6B5CB}.Debug|Any CPU.Build.0 = Debug|Any CPU
		{12F690EF-E74E-3EBD-233E-4334C0D6B5CB}.Release|Any CPU.ActiveCfg = Release|Any CPU
		{12F690EF-E74E-3EBD-233E-4334C0D6B5CB}.Release|Any CPU.Build.0 = Release|Any CPU
		{4F9B44A9-B22E-DB60-B0AA-BCCF768E10A5}.Debug|Any CPU.ActiveCfg = Debug|Any CPU
		{4F9B44A9-B22E-DB60-B0AA-BCCF768E10A5}.Debug|Any CPU.Build.0 = Debug|Any CPU
		{4F9B44A9-B22E-DB60-B0AA-BCCF768E10A5}.Release|Any CPU.ActiveCfg = Release|Any CPU
		{4F9B44A9-B22E-DB60-B0AA-BCCF768E10A5}.Release|Any CPU.Build.0 = Release|Any CPU
		{4B1CE0E4-DEE3-62F8-1A39-8317F0D9D819}.Debug|Any CPU.ActiveCfg = Debug|Any CPU
		{4B1CE0E4-DEE3-62F8-1A39-8317F0D9D819}.Debug|Any CPU.Build.0 = Debug|Any CPU
		{4B1CE0E4-DEE3-62F8-1A39-8317F0D9D819}.Release|Any CPU.ActiveCfg = Release|Any CPU
		{4B1CE0E4-DEE3-62F8-1A39-8317F0D9D819}.Release|Any CPU.Build.0 = Release|Any CPU
		{1DA6E0AA-3FEC-4BD9-267F-63FD4B587FCD}.Debug|Any CPU.ActiveCfg = Debug|Any CPU
		{1DA6E0AA-3FEC-4BD9-267F-63FD4B587FCD}.Debug|Any CPU.Build.0 = Debug|Any CPU
		{1DA6E0AA-3FEC-4BD9-267F-63FD4B587FCD}.Release|Any CPU.ActiveCfg = Release|Any CPU
		{1DA6E0AA-3FEC-4BD9-267F-63FD4B587FCD}.Release|Any CPU.Build.0 = Release|Any CPU
		{562710A6-C423-06BD-A3C7-79A9E1AF5170}.Debug|Any CPU.ActiveCfg = Debug|Any CPU
		{562710A6-C423-06BD-A3C7-79A9E1AF5170}.Debug|Any CPU.Build.0 = Debug|Any CPU
		{562710A6-C423-06BD-A3C7-79A9E1AF5170}.Release|Any CPU.ActiveCfg = Release|Any CPU
		{562710A6-C423-06BD-A3C7-79A9E1AF5170}.Release|Any CPU.Build.0 = Release|Any CPU
		{9CF23EE4-11B0-22D4-56D2-8A6FC08B4EDB}.Debug|Any CPU.ActiveCfg = Debug|Any CPU
		{9CF23EE4-11B0-22D4-56D2-8A6FC08B4EDB}.Debug|Any CPU.Build.0 = Debug|Any CPU
		{9CF23EE4-11B0-22D4-56D2-8A6FC08B4EDB}.Release|Any CPU.ActiveCfg = Release|Any CPU
		{9CF23EE4-11B0-22D4-56D2-8A6FC08B4EDB}.Release|Any CPU.Build.0 = Release|Any CPU
	EndGlobalSection
	GlobalSection(SolutionProperties) = preSolution
		HideSolutionNode = FALSE
	EndGlobalSection
	GlobalSection(NestedProjects) = preSolution
		{ACC7BA2D-8298-4A40-A640-AFCD3F2B04DE} = {0B678724-C579-40D7-8EB8-2A85C29D0E81}
		{12F690EF-E74E-3EBD-233E-4334C0D6B5CB} = {02EA681E-C7D8-13C7-8484-4AC65E1B71E8}
		{4F9B44A9-B22E-DB60-B0AA-BCCF768E10A5} = {02EA681E-C7D8-13C7-8484-4AC65E1B71E8}
		{4B1CE0E4-DEE3-62F8-1A39-8317F0D9D819} = {02EA681E-C7D8-13C7-8484-4AC65E1B71E8}
		{1DA6E0AA-3FEC-4BD9-267F-63FD4B587FCD} = {02EA681E-C7D8-13C7-8484-4AC65E1B71E8}
		{562710A6-C423-06BD-A3C7-79A9E1AF5170} = {02EA681E-C7D8-13C7-8484-4AC65E1B71E8}
		{9CF23EE4-11B0-22D4-56D2-8A6FC08B4EDB} = {A8DA5DC3-F820-4B18-BDF0-FF8B19D202B4}
	EndGlobalSection
	GlobalSection(ExtensibilityGlobals) = postSolution
		SolutionGuid = {02415F11-1B67-4213-9E64-7C4BEA932701}
	EndGlobalSection
EndGlobal
